
Microsoft Visual Studio Solution File, Format Version 12.00
# Visual Studio Version 16
VisualStudioVersion = 16.0.30011.22
MinimumVisualStudioVersion = 10.0.40219.1
Project("{FAE04EC0-301F-11D3-BF4B-00C04F79EFBC}") = "HappyNumberII", "HappyNumberII.csproj", "{0C8FA9B8-0DB7-4DBF-BA8B-CAACED6EEC2C}"
EndProject
Global
	GlobalSection(SolutionConfigurationPlatforms) = preSolution
		Debug|Any CPU = Debug|Any CPU
		Release|Any CPU = Release|Any CPU
	EndGlobalSection
	GlobalSection(ProjectConfigurationPlatforms) = postSolution
		{0C8FA9B8-0DB7-4DBF-BA8B-CAACED6EEC2C}.Debug|Any CPU.ActiveCfg = Debug|Any CPU
		{0C8FA9B8-0DB7-4DBF-BA8B-CAACED6EEC2C}.Debug|Any CPU.Build.0 = Debug|Any CPU
		{0C8FA9B8-0DB7-4DBF-BA8B-CAACED6EEC2C}.Release|Any CPU.ActiveCfg = Release|Any CPU
		{0C8FA9B8-0DB7-4DBF-BA8B-CAACED6EEC2C}.Release|Any CPU.Build.0 = Release|Any CPU
	EndGlobalSection
	GlobalSection(SolutionProperties) = preSolution
		HideSolutionNode = FALSE
	EndGlobalSection
	GlobalSection(ExtensibilityGlobals) = postSolution
		SolutionGuid = {36AFC079-5911-482C-B4DD-CF1867EBD9F1}
	EndGlobalSection
EndGlobal
