
Microsoft Visual Studio Solution File, Format Version 12.00
# Visual Studio Version 16
VisualStudioVersion = 16.0.30011.22
MinimumVisualStudioVersion = 10.0.40219.1
Project("{FAE04EC0-301F-11D3-BF4B-00C04F79EFBC}") = "StackArray_Prob", "StackArray_Prob.csproj", "{01EAFEEA-C72A-449C-BFD6-6B19C0C305AD}"
EndProject
Global
	GlobalSection(SolutionConfigurationPlatforms) = preSolution
		Debug|Any CPU = Debug|Any CPU
		Release|Any CPU = Release|Any CPU
	EndGlobalSection
	GlobalSection(ProjectConfigurationPlatforms) = postSolution
		{01EAFEEA-C72A-449C-BFD6-6B19C0C305AD}.Debug|Any CPU.ActiveCfg = Debug|Any CPU
		{01EAFEEA-C72A-449C-BFD6-6B19C0C305AD}.Debug|Any CPU.Build.0 = Debug|Any CPU
		{01EAFEEA-C72A-449C-BFD6-6B19C0C305AD}.Release|Any CPU.ActiveCfg = Release|Any CPU
		{01EAFEEA-C72A-449C-BFD6-6B19C0C305AD}.Release|Any CPU.Build.0 = Release|Any CPU
	EndGlobalSection
	GlobalSection(SolutionProperties) = preSolution
		HideSolutionNode = FALSE
	EndGlobalSection
	GlobalSection(ExtensibilityGlobals) = postSolution
		SolutionGuid = {72A50933-A516-49DC-9CB6-F92E8E52073A}
	EndGlobalSection
EndGlobal
